# This file is auto-generated by nazec. Do not edit manually.

schema_version = 1

[[package]]
name = "@naze/ui-kit"
source = "path"
path = "/home/jasona/git/naze-lang/packages/ui-kit"

[[package]]
name = "@naze/layouts"
source = "path"
path = "/home/jasona/git/naze-lang/packages/layouts"

[[package]]
name = "@naze/forms"
source = "path"
path = "/home/jasona/git/naze-lang/packages/forms"
